
Microsoft Visual Studio Solution File, Format Version 12.00
# Visual Studio Version 16
VisualStudioVersion = 16.0.31005.135
MinimumVisualStudioVersion = 10.0.40219.1
Project("{FAE04EC0-301F-11D3-BF4B-00C04F79EFBC}") = "CowEngine2021", "CowEngine2021\CowEngine2021.csproj", "{7AE9AF73-435C-4DDA-8B7C-35E89FE3D322}"
EndProject
Project("{FAE04EC0-301F-11D3-BF4B-00C04F79EFBC}") = "CowEngineTestGame", "CowEngineTestGame\CowEngineTestGame.csproj", "{A762AF50-2C15-4260-8CE5-3C888E60A778}"
EndProject
Global
	GlobalSection(SolutionConfigurationPlatforms) = preSolution
		Debug|Any CPU = Debug|Any CPU
		Release|Any CPU = Release|Any CPU
	EndGlobalSection
	GlobalSection(ProjectConfigurationPlatforms) = postSolution
		{7AE9AF73-435C-4DDA-8B7C-35E89FE3D322}.Debug|Any CPU.ActiveCfg = Debug|Any CPU
		{7AE9AF73-435C-4DDA-8B7C-35E89FE3D322}.Debug|Any CPU.Build.0 = Debug|Any CPU
		{7AE9AF73-435C-4DDA-8B7C-35E89FE3D322}.Release|Any CPU.ActiveCfg = Release|Any CPU
		{7AE9AF73-435C-4DDA-8B7C-35E89FE3D322}.Release|Any CPU.Build.0 = Release|Any CPU
		{A762AF50-2C15-4260-8CE5-3C888E60A778}.Debug|Any CPU.ActiveCfg = Debug|Any CPU
		{A762AF50-2C15-4260-8CE5-3C888E60A778}.Debug|Any CPU.Build.0 = Debug|Any CPU
		{A762AF50-2C15-4260-8CE5-3C888E60A778}.Release|Any CPU.ActiveCfg = Release|Any CPU
		{A762AF50-2C15-4260-8CE5-3C888E60A778}.Release|Any CPU.Build.0 = Release|Any CPU
	EndGlobalSection
	GlobalSection(SolutionProperties) = preSolution
		HideSolutionNode = FALSE
	EndGlobalSection
	GlobalSection(ExtensibilityGlobals) = postSolution
		SolutionGuid = {A6113484-AF77-4749-B2F1-C0CF893A4F7F}
	EndGlobalSection
EndGlobal
